
Microsoft Visual Studio Solution File, Format Version 12.00
# Visual Studio Version 17
VisualStudioVersion = 17.2.32616.157
MinimumVisualStudioVersion = 10.0.40219.1
Project("{9A19103F-16F7-4668-BE54-9A1E7A4F7556}") = "MoviesApp", "MoviesApp\MoviesApp.csproj", "{A55B32FB-07F0-44AB-9487-D06BE0A840A0}"
EndProject
Project("{9A19103F-16F7-4668-BE54-9A1E7A4F7556}") = "MoviesApi", "MoviesApi\MoviesApi.csproj", "{083C8C2A-F4EF-4658-98EE-1FC7314C3CEF}"
EndProject
Project("{9A19103F-16F7-4668-BE54-9A1E7A4F7556}") = "MoviesAppModels", "MoviesAppModels\MoviesAppModels.csproj", "{602D3124-F082-4FC0-AEF5-AD4EE4915769}"
EndProject
Global
	GlobalSection(SolutionConfigurationPlatforms) = preSolution
		Debug|Any CPU = Debug|Any CPU
		Release|Any CPU = Release|Any CPU
	EndGlobalSection
	GlobalSection(ProjectConfigurationPlatforms) = postSolution
		{A55B32FB-07F0-44AB-9487-D06BE0A840A0}.Debug|Any CPU.ActiveCfg = Debug|Any CPU
		{A55B32FB-07F0-44AB-9487-D06BE0A840A0}.Debug|Any CPU.Build.0 = Debug|Any CPU
		{A55B32FB-07F0-44AB-9487-D06BE0A840A0}.Release|Any CPU.ActiveCfg = Release|Any CPU
		{A55B32FB-07F0-44AB-9487-D06BE0A840A0}.Release|Any CPU.Build.0 = Release|Any CPU
		{083C8C2A-F4EF-4658-98EE-1FC7314C3CEF}.Debug|Any CPU.ActiveCfg = Debug|Any CPU
		{083C8C2A-F4EF-4658-98EE-1FC7314C3CEF}.Debug|Any CPU.Build.0 = Debug|Any CPU
		{083C8C2A-F4EF-4658-98EE-1FC7314C3CEF}.Release|Any CPU.ActiveCfg = Release|Any CPU
		{083C8C2A-F4EF-4658-98EE-1FC7314C3CEF}.Release|Any CPU.Build.0 = Release|Any CPU
		{602D3124-F082-4FC0-AEF5-AD4EE4915769}.Debug|Any CPU.ActiveCfg = Debug|Any CPU
		{602D3124-F082-4FC0-AEF5-AD4EE4915769}.Debug|Any CPU.Build.0 = Debug|Any CPU
		{602D3124-F082-4FC0-AEF5-AD4EE4915769}.Release|Any CPU.ActiveCfg = Release|Any CPU
		{602D3124-F082-4FC0-AEF5-AD4EE4915769}.Release|Any CPU.Build.0 = Release|Any CPU
	EndGlobalSection
	GlobalSection(SolutionProperties) = preSolution
		HideSolutionNode = FALSE
	EndGlobalSection
	GlobalSection(ExtensibilityGlobals) = postSolution
		SolutionGuid = {8C465FF0-1F07-4BAE-8848-735983D06ADE}
	EndGlobalSection
EndGlobal
